
Microsoft Visual Studio Solution File, Format Version 12.00
# Visual Studio Version 17
VisualStudioVersion = 17.11.35327.3
MinimumVisualStudioVersion = 10.0.40219.1
Project("{FAE04EC0-301F-11D3-BF4B-00C04F79EFBC}") = "GrAPE", "GrAPE.csproj", "{C5F40B9E-492F-4B84-8C02-276A27AE317D}"
EndProject
Global
	GlobalSection(SolutionConfigurationPlatforms) = preSolution
		Debug|Any CPU = Debug|Any CPU
		Release|Any CPU = Release|Any CPU
	EndGlobalSection
	GlobalSection(ProjectConfigurationPlatforms) = postSolution
		{C5F40B9E-492F-4B84-8C02-276A27AE317D}.Debug|Any CPU.ActiveCfg = Debug|Any CPU
		{C5F40B9E-492F-4B84-8C02-276A27AE317D}.Debug|Any CPU.Build.0 = Debug|Any CPU
		{C5F40B9E-492F-4B84-8C02-276A27AE317D}.Release|Any CPU.ActiveCfg = Release|Any CPU
		{C5F40B9E-492F-4B84-8C02-276A27AE317D}.Release|Any CPU.Build.0 = Release|Any CPU
	EndGlobalSection
	GlobalSection(SolutionProperties) = preSolution
		HideSolutionNode = FALSE
	EndGlobalSection
	GlobalSection(ExtensibilityGlobals) = postSolution
		SolutionGuid = {6E50750E-DC8C-4D27-A253-FA599017D3D4}
	EndGlobalSection
EndGlobal
